// !$*UTF8*$!
{
	archiveVersion = 1;
	classes = {
	};
	objectVersion = 77;
	objects = {

/* Begin PBXContainerItemProxy section */
		C73236172DFF8B8000577573 /* PBXContainerItemProxy */ = {
			isa = PBXContainerItemProxy;
			containerPortal = C73235F82DFF8B7E00577573 /* Project object */;
			proxyType = 1;
			remoteGlobalIDString = C73235FF2DFF8B7E00577573;
			remoteInfo = HappinessSlider;
		};
		C73236212DFF8B8000577573 /* PBXContainerItemProxy */ = {
			isa = PBXContainerItemProxy;
			containerPortal = C73235F82DFF8B7E00577573 /* Project object */;
			proxyType = 1;
			remoteGlobalIDString = C73235FF2DFF8B7E00577573;
			remoteInfo = HappinessSlider;
		};
/* End PBXContainerItemProxy section */

/* Begin PBXFileReference section */
		C73236002DFF8B7E00577573 /* HappinessSlider.app */ = {isa = PBXFileReference; explicitFileType = wrapper.application; includeInIndex = 0; path = HappinessSlider.app; sourceTree = BUILT_PRODUCTS_DIR; };
		C73236162DFF8B8000577573 /* HappinessSliderTests.xctest */ = {isa = PBXFileReference; explicitFileType = wrapper.cfbundle; includeInIndex = 0; path = HappinessSliderTests.xctest; sourceTree = BUILT_PRODUCTS_DIR; };
		C73236202DFF8B8000577573 /* HappinessSliderUITests.xctest */ = {isa = PBXFileReference; explicitFileType = wrapper.cfbundle; includeInIndex = 0; path = HappinessSliderUITests.xctest; sourceTree = BUILT_PRODUCTS_DIR; };
/* End PBXFileReference section */

/* Begin PBXFileSystemSynchronizedBuildFileExceptionSet section */
		C73236282DFF8B8000577573 /* Exceptions for "HappinessSlider" folder in "HappinessSlider" target */ = {
			isa = PBXFileSystemSynchronizedBuildFileExceptionSet;
			membershipExceptions = (
				Info.plist,
			);
			target = C73235FF2DFF8B7E00577573 /* HappinessSlider */;
		};
/* End PBXFileSystemSynchronizedBuildFileExceptionSet section */

/* Begin PBXFileSystemSynchronizedRootGroup section */
		C73236022DFF8B7E00577573 /* HappinessSlider */ = {
			isa = PBXFileSystemSynchronizedRootGroup;
			exceptions = (
				C73236282DFF8B8000577573 /* Exceptions for "HappinessSlider" folder in "HappinessSlider" target */,
			);
			path = HappinessSlider;
			sourceTree = "<group>";
		};
		C73236192DFF8B8000577573 /* HappinessSliderTests */ = {
			isa = PBXFileSystemSynchronizedRootGroup;
			path = HappinessSliderTests;
			sourceTree = "<group>";
		};
		C73236232DFF8B8000577573 /* HappinessSliderUITests */ = {
			isa = PBXFileSystemSynchronizedRootGroup;
			path = HappinessSliderUITests;
			sourceTree = "<group>";
		};
/* End PBXFileSystemSynchronizedRootGroup section */

/* Begin PBXFrameworksBuildPhase section */
		C73235FD2DFF8B7E00577573 /* Frameworks */ = {
			isa = PBXFrameworksBuildPhase;
			buildActionMask = 2147483647;
			files = (
			);
			runOnlyForDeploymentPostprocessing = 0;
		};
		C73236132DFF8B8000577573 /* Frameworks */ = {
			isa = PBXFrameworksBuildPhase;
			buildActionMask = 2147483647;
			files = (
			);
			runOnlyForDeploymentPostprocessing = 0;
		};
		C732361D2DFF8B8000577573 /* Frameworks */ = {
			isa = PBXFrameworksBuildPhase;
			buildActionMask = 2147483647;
			files = (
			);
			runOnlyForDeploymentPostprocessing = 0;
		};
/* End PBXFrameworksBuildPhase section */

/* Begin PBXGroup section */
		C73235F72DFF8B7E00577573 = {
			isa = PBXGroup;
			children = (
				C73236022DFF8B7E00577573 /* HappinessSlider */,
				C73236192DFF8B8000577573 /* HappinessSliderTests */,
				C73236232DFF8B8000577573 /* HappinessSliderUITests */,
				C73236012DFF8B7E00577573 /* Products */,
			);
			sourceTree = "<group>";
		};
		C73236012DFF8B7E00577573 /* Products */ = {
			isa = PBXGroup;
			children = (
				C73236002DFF8B7E00577573 /* HappinessSlider.app */,
				C73236162DFF8B8000577573 /* HappinessSliderTests.xctest */,
				C73236202DFF8B8000577573 /* HappinessSliderUITests.xctest */,
			);
			name = Products;
			sourceTree = "<group>";
		};
/* End PBXGroup section */

/* Begin PBXNativeTarget section */
		C73235FF2DFF8B7E00577573 /* HappinessSlider */ = {
			isa = PBXNativeTarget;
			buildConfigurationList = C73236292DFF8B8000577573 /* Build configuration list for PBXNativeTarget "HappinessSlider" */;
			buildPhases = (
				C73235FC2DFF8B7E00577573 /* Sources */,
				C73235FD2DFF8B7E00577573 /* Frameworks */,
				C73235FE2DFF8B7E00577573 /* Resources */,
			);
			buildRules = (
			);
			dependencies = (
			);
			fileSystemSynchronizedGroups = (
				C73236022DFF8B7E00577573 /* HappinessSlider */,
			);
			name = HappinessSlider;
			packageProductDependencies = (
			);
			productName = HappinessSlider;
			productReference = C73236002DFF8B7E00577573 /* HappinessSlider.app */;
			productType = "com.apple.product-type.application";
		};
		C73236152DFF8B8000577573 /* HappinessSliderTests */ = {
			isa = PBXNativeTarget;
			buildConfigurationList = C732362E2DFF8B8000577573 /* Build configuration list for PBXNativeTarget "HappinessSliderTests" */;
			buildPhases = (
				C73236122DFF8B8000577573 /* Sources */,
				C73236132DFF8B8000577573 /* Frameworks */,
				C73236142DFF8B8000577573 /* Resources */,
			);
			buildRules = (
			);
			dependencies = (
				C73236182DFF8B8000577573 /* PBXTargetDependency */,
			);
			fileSystemSynchronizedGroups = (
				C73236192DFF8B8000577573 /* HappinessSliderTests */,
			);
			name = HappinessSliderTests;
			packageProductDependencies = (
			);
			productName = HappinessSliderTests;
			productReference = C73236162DFF8B8000577573 /* HappinessSliderTests.xctest */;
			productType = "com.apple.product-type.bundle.unit-test";
		};
		C732361F2DFF8B8000577573 /* HappinessSliderUITests */ = {
			isa = PBXNativeTarget;
			buildConfigurationList = C73236312DFF8B8000577573 /* Build configuration list for PBXNativeTarget "HappinessSliderUITests" */;
			buildPhases = (
				C732361C2DFF8B8000577573 /* Sources */,
				C732361D2DFF8B8000577573 /* Frameworks */,
				C732361E2DFF8B8000577573 /* Resources */,
			);
			buildRules = (
			);
			dependencies = (
				C73236222DFF8B8000577573 /* PBXTargetDependency */,
			);
			fileSystemSynchronizedGroups = (
				C73236232DFF8B8000577573 /* HappinessSliderUITests */,
			);
			name = HappinessSliderUITests;
			packageProductDependencies = (
			);
			productName = HappinessSliderUITests;
			productReference = C73236202DFF8B8000577573 /* HappinessSliderUITests.xctest */;
			productType = "com.apple.product-type.bundle.ui-testing";
		};
/* End PBXNativeTarget section */

/* Begin PBXProject section */
		C73235F82DFF8B7E00577573 /* Project object */ = {
			isa = PBXProject;
			attributes = {
				BuildIndependentTargetsInParallel = 1;
				LastSwiftUpdateCheck = 1640;
				LastUpgradeCheck = 1640;
				TargetAttributes = {
					C73235FF2DFF8B7E00577573 = {
						CreatedOnToolsVersion = 16.4;
					};
					C73236152DFF8B8000577573 = {
						CreatedOnToolsVersion = 16.4;
						TestTargetID = C73235FF2DFF8B7E00577573;
					};
					C732361F2DFF8B8000577573 = {
						CreatedOnToolsVersion = 16.4;
						TestTargetID = C73235FF2DFF8B7E00577573;
					};
				};
			};
			buildConfigurationList = C73235FB2DFF8B7E00577573 /* Build configuration list for PBXProject "HappinessSlider" */;
			developmentRegion = en;
			hasScannedForEncodings = 0;
			knownRegions = (
				en,
				Base,
			);
			mainGroup = C73235F72DFF8B7E00577573;
			minimizedProjectReferenceProxies = 1;
			preferredProjectObjectVersion = 77;
			productRefGroup = C73236012DFF8B7E00577573 /* Products */;
			projectDirPath = "";
			projectRoot = "";
			targets = (
				C73235FF2DFF8B7E00577573 /* HappinessSlider */,
				C73236152DFF8B8000577573 /* HappinessSliderTests */,
				C732361F2DFF8B8000577573 /* HappinessSliderUITests */,
			);
		};
/* End PBXProject section */

/* Begin PBXResourcesBuildPhase section */
		C73235FE2DFF8B7E00577573 /* Resources */ = {
			isa = PBXResourcesBuildPhase;
			buildActionMask = 2147483647;
			files = (
			);
			runOnlyForDeploymentPostprocessing = 0;
		};
		C73236142DFF8B8000577573 /* Resources */ = {
			isa = PBXResourcesBuildPhase;
			buildActionMask = 2147483647;
			files = (
			);
			runOnlyForDeploymentPostprocessing = 0;
		};
		C732361E2DFF8B8000577573 /* Resources */ = {
			isa = PBXResourcesBuildPhase;
			buildActionMask = 2147483647;
			files = (
			);
			runOnlyForDeploymentPostprocessing = 0;
		};
/* End PBXResourcesBuildPhase section */

/* Begin PBXSourcesBuildPhase section */
		C73235FC2DFF8B7E00577573 /* Sources */ = {
			isa = PBXSourcesBuildPhase;
			buildActionMask = 2147483647;
			files = (
			);
			runOnlyForDeploymentPostprocessing = 0;
		};
		C73236122DFF8B8000577573 /* Sources */ = {
			isa = PBXSourcesBuildPhase;
			buildActionMask = 2147483647;
			files = (
			);
			runOnlyForDeploymentPostprocessing = 0;
		};
		C732361C2DFF8B8000577573 /* Sources */ = {
			isa = PBXSourcesBuildPhase;
			buildActionMask = 2147483647;
			files = (
			);
			runOnlyForDeploymentPostprocessing = 0;
		};
/* End PBXSourcesBuildPhase section */

/* Begin PBXTargetDependency section */
		C73236182DFF8B8000577573 /* PBXTargetDependency */ = {
			isa = PBXTargetDependency;
			target = C73235FF2DFF8B7E00577573 /* HappinessSlider */;
			targetProxy = C73236172DFF8B8000577573 /* PBXContainerItemProxy */;
		};
		C73236222DFF8B8000577573 /* PBXTargetDependency */ = {
			isa = PBXTargetDependency;
			target = C73235FF2DFF8B7E00577573 /* HappinessSlider */;
			targetProxy = C73236212DFF8B8000577573 /* PBXContainerItemProxy */;
		};
/* End PBXTargetDependency section */

/* Begin XCBuildConfiguration section */
		C732362A2DFF8B8000577573 /* Debug */ = {
			isa = XCBuildConfiguration;
			buildSettings = {
				ASSETCATALOG_COMPILER_APPICON_NAME = AppIcon;
				ASSETCATALOG_COMPILER_GLOBAL_ACCENT_COLOR_NAME = AccentColor;
				CODE_SIGN_STYLE = Automatic;
				CURRENT_PROJECT_VERSION = 1;
				GENERATE_INFOPLIST_FILE = YES;
				INFOPLIST_FILE = HappinessSlider/Info.plist;
				INFOPLIST_KEY_UIApplicationSupportsIndirectInputEvents = YES;
				INFOPLIST_KEY_UILaunchStoryboardName = LaunchScreen;
				INFOPLIST_KEY_UIMainStoryboardFile = Main;
				INFOPLIST_KEY_UISupportedInterfaceOrientations_iPad = "UIInterfaceOrientationPortrait UIInterfaceOrientationPortraitUpsideDown UIInterfaceOrientationLandscapeLeft UIInterfaceOrientationLandscapeRight";
				INFOPLIST_KEY_UISupportedInterfaceOrientations_iPhone = "UIInterfaceOrientationPortrait UIInterfaceOrientationLandscapeLeft UIInterfaceOrientationLandscapeRight";
				LD_RUNPATH_SEARCH_PATHS = (
					"$(inherited)",
					"@executable_path/Frameworks",
				);
				MARKETING_VERSION = 1.0;
				PRODUCT_BUNDLE_IDENTIFIER = auburn.HappinessSlider;
				PRODUCT_NAME = "$(TARGET_NAME)";
				SWIFT_EMIT_LOC_STRINGS = YES;
				SWIFT_VERSION = 5.0;
				TARGETED_DEVICE_FAMILY = "1,2";
			};
			name = Debug;
		};
		C732362B2DFF8B8000577573 /* Release */ = {
			isa = XCBuildConfiguration;
			buildSettings = {
				ASSETCATALOG_COMPILER_APPICON_NAME = AppIcon;
				ASSETCATALOG_COMPILER_GLOBAL_ACCENT_COLOR_NAME = AccentColor;
				CODE_SIGN_STYLE = Automatic;
				CURRENT_PROJECT_VERSION = 1;
				GENERATE_INFOPLIST_FILE = YES;
				INFOPLIST_FILE = HappinessSlider/Info.plist;
				INFOPLIST_KEY_UIApplicationSupportsIndirectInputEvents = YES;
				INFOPLIST_KEY_UILaunchStoryboardName = LaunchScreen;
				INFOPLIST_KEY_UIMainStoryboardFile = Main;
				INFOPLIST_KEY_UISupportedInterfaceOrientations_iPad = "UIInterfaceOrientationPortrait UIInterfaceOrientationPortraitUpsideDown UIInterfaceOrientationLandscapeLeft UIInterfaceOrientationLandscapeRight";
				INFOPLIST_KEY_UISupportedInterfaceOrientations_iPhone = "UIInterfaceOrientationPortrait UIInterfaceOrientationLandscapeLeft UIInterfaceOrientationLandscapeRight";
				LD_RUNPATH_SEARCH_PATHS = (
					"$(inherited)",
					"@executable_path/Frameworks",
				);
				MARKETING_VERSION = 1.0;
				PRODUCT_BUNDLE_IDENTIFIER = auburn.HappinessSlider;
				PRODUCT_NAME = "$(TARGET_NAME)";
				SWIFT_EMIT_LOC_STRINGS = YES;
				SWIFT_VERSION = 5.0;
				TARGETED_DEVICE_FAMILY = "1,2";
			};
			name = Release;
		};
		C732362C2DFF8B8000577573 /* Debug */ = {
			isa = XCBuildConfiguration;
			buildSettings = {
				ALWAYS_SEARCH_USER_PATHS = NO;
				ASSETCATALOG_COMPILER_GENERATE_SWIFT_ASSET_SYMBOL_EXTENSIONS = YES;
				CLANG_ANALYZER_NONNULL = YES;
				CLANG_ANALYZER_NUMBER_OBJECT_CONVERSION = YES_AGGRESSIVE;
				CLANG_CXX_LANGUAGE_STANDARD = "gnu++20";
				CLANG_ENABLE_MODULES = YES;
				CLANG_ENABLE_OBJC_ARC = YES;
				CLANG_ENABLE_OBJC_WEAK = YES;
				CLANG_WARN_BLOCK_CAPTURE_AUTORELEASING = YES;
				CLANG_WARN_BOOL_CONVERSION = YES;
				CLANG_WARN_COMMA = YES;
				CLANG_WARN_CONSTANT_CONVERSION = YES;
				CLANG_WARN_DEPRECATED_OBJC_IMPLEMENTATIONS = YES;
				CLANG_WARN_DIRECT_OBJC_ISA_USAGE = YES_ERROR;
				CLANG_WARN_DOCUMENTATION_COMMENTS = YES;
				CLANG_WARN_EMPTY_BODY = YES;
				CLANG_WARN_ENUM_CONVERSION = YES;
				CLANG_WARN_INFINITE_RECURSION = YES;
				CLANG_WARN_INT_CONVERSION = YES;
				CLANG_WARN_NON_LITERAL_NULL_CONVERSION = YES;
				CLANG_WARN_OBJC_IMPLICIT_RETAIN_SELF = YES;
				CLANG_WARN_OBJC_LITERAL_CONVERSION = YES;
				CLANG_WARN_OBJC_ROOT_CLASS = YES_ERROR;
				CLANG_WARN_QUOTED_INCLUDE_IN_FRAMEWORK_HEADER = YES;
				CLANG_WARN_RANGE_LOOP_ANALYSIS = YES;
				CLANG_WARN_STRICT_PROTOTYPES = YES;
				CLANG_WARN_SUSPICIOUS_MOVE = YES;
				CLANG_WARN_UNGUARDED_AVAILABILITY = YES_AGGRESSIVE;
				CLANG_WARN_UNREACHABLE_CODE = YES;
				CLANG_WARN__DUPLICATE_METHOD_MATCH = YES;
				COPY_PHASE_STRIP = NO;
				DEBUG_INFORMATION_FORMAT = dwarf;
				ENABLE_STRICT_OBJC_MSGSEND = YES;
				ENABLE_TESTABILITY = YES;
				ENABLE_USER_SCRIPT_SANDBOXING = YES;
				GCC_C_LANGUAGE_STANDARD = gnu17;
				GCC_DYNAMIC_NO_PIC = NO;
				GCC_NO_COMMON_BLOCKS = YES;
				GCC_OPTIMIZATION_LEVEL = 0;
				GCC_PREPROCESSOR_DEFINITIONS = (
					"DEBUG=1",
					"$(inherited)",
				);
				GCC_WARN_64_TO_32_BIT_CONVERSION = YES;
				GCC_WARN_ABOUT_RETURN_TYPE = YES_ERROR;
				GCC_WARN_UNDECLARED_SELECTOR = YES;
				GCC_WARN_UNINITIALIZED_AUTOS = YES_AGGRESSIVE;
				GCC_WARN_UNUSED_FUNCTION = YES;
				GCC_WARN_UNUSED_VARIABLE = YES;
				IPHONEOS_DEPLOYMENT_TARGET = 18.5;
				LOCALIZATION_PREFERS_STRING_CATALOGS = YES;
				MTL_ENABLE_DEBUG_INFO = INCLUDE_SOURCE;
				MTL_FAST_MATH = YES;
				ONLY_ACTIVE_ARCH = YES;
				SDKROOT = iphoneos;
				SWIFT_ACTIVE_COMPILATION_CONDITIONS = "DEBUG $(inherited)";
				SWIFT_OPTIMIZATION_LEVEL = "-Onone";
			};
			name = Debug;
		};
		C732362D2DFF8B8000577573 /* Release */ = {
			isa = XCBuildConfiguration;
			buildSettings = {
				ALWAYS_SEARCH_USER_PATHS = NO;
				ASSETCATALOG_COMPILER_GENERATE_SWIFT_ASSET_SYMBOL_EXTENSIONS = YES;
				CLANG_ANALYZER_NONNULL = YES;
				CLANG_ANALYZER_NUMBER_OBJECT_CONVERSION = YES_AGGRESSIVE;
				CLANG_CXX_LANGUAGE_STANDARD = "gnu++20";
				CLANG_ENABLE_MODULES = YES;
				CLANG_ENABLE_OBJC_ARC = YES;
				CLANG_ENABLE_OBJC_WEAK = YES;
				CLANG_WARN_BLOCK_CAPTURE_AUTORELEASING = YES;
				CLANG_WARN_BOOL_CONVERSION = YES;
				CLANG_WARN_COMMA = YES;
				CLANG_WARN_CONSTANT_CONVERSION = YES;
				CLANG_WARN_DEPRECATED_OBJC_IMPLEMENTATIONS = YES;
				CLANG_WARN_DIRECT_OBJC_ISA_USAGE = YES_ERROR;
				CLANG_WARN_DOCUMENTATION_COMMENTS = YES;
				CLANG_WARN_EMPTY_BODY = YES;
				CLANG_WARN_ENUM_CONVERSION = YES;
				CLANG_WARN_INFINITE_RECURSION = YES;
				CLANG_WARN_INT_CONVERSION = YES;
				CLANG_WARN_NON_LITERAL_NULL_CONVERSION = YES;
				CLANG_WARN_OBJC_IMPLICIT_RETAIN_SELF = YES;
				CLANG_WARN_OBJC_LITERAL_CONVERSION = YES;
				CLANG_WARN_OBJC_ROOT_CLASS = YES_ERROR;
				CLANG_WARN_QUOTED_INCLUDE_IN_FRAMEWORK_HEADER = YES;
				CLANG_WARN_RANGE_LOOP_ANALYSIS = YES;
				CLANG_WARN_STRICT_PROTOTYPES = YES;
				CLANG_WARN_SUSPICIOUS_MOVE = YES;
				CLANG_WARN_UNGUARDED_AVAILABILITY = YES_AGGRESSIVE;
				CLANG_WARN_UNREACHABLE_CODE = YES;
				CLANG_WARN__DUPLICATE_METHOD_MATCH = YES;
				COPY_PHASE_STRIP = NO;
				DEBUG_INFORMATION_FORMAT = "dwarf-with-dsym";
				ENABLE_NS_ASSERTIONS = NO;
				ENABLE_STRICT_OBJC_MSGSEND = YES;
				ENABLE_USER_SCRIPT_SANDBOXING = YES;
				GCC_C_LANGUAGE_STANDARD = gnu17;
				GCC_NO_COMMON_BLOCKS = YES;
				GCC_WARN_64_TO_32_BIT_CONVERSION = YES;
				GCC_WARN_ABOUT_RETURN_TYPE = YES_ERROR;
				GCC_WARN_UNDECLARED_SELECTOR = YES;
				GCC_WARN_UNINITIALIZED_AUTOS = YES_AGGRESSIVE;
				GCC_WARN_UNUSED_FUNCTION = YES;
				GCC_WARN_UNUSED_VARIABLE = YES;
				IPHONEOS_DEPLOYMENT_TARGET = 18.5;
				LOCALIZATION_PREFERS_STRING_CATALOGS = YES;
				MTL_ENABLE_DEBUG_INFO = NO;
				MTL_FAST_MATH = YES;
				SDKROOT = iphoneos;
				SWIFT_COMPILATION_MODE = wholemodule;
				VALIDATE_PRODUCT = YES;
			};
			name = Release;
		};
		C732362F2DFF8B8000577573 /* Debug */ = {
			isa = XCBuildConfiguration;
			buildSettings = {
				BUNDLE_LOADER = "$(TEST_HOST)";
				CODE_SIGN_STYLE = Automatic;
				CURRENT_PROJECT_VERSION = 1;
				GENERATE_INFOPLIST_FILE = YES;
				IPHONEOS_DEPLOYMENT_TARGET = 18.5;
				MARKETING_VERSION = 1.0;
				PRODUCT_BUNDLE_IDENTIFIER = auburn.HappinessSliderTests;
				PRODUCT_NAME = "$(TARGET_NAME)";
				SWIFT_EMIT_LOC_STRINGS = NO;
				SWIFT_VERSION = 5.0;
				TARGETED_DEVICE_FAMILY = "1,2";
				TEST_HOST = "$(BUILT_PRODUCTS_DIR)/HappinessSlider.app/$(BUNDLE_EXECUTABLE_FOLDER_PATH)/HappinessSlider";
			};
			name = Debug;
		};
		C73236302DFF8B8000577573 /* Release */ = {
			isa = XCBuildConfiguration;
			buildSettings = {
				BUNDLE_LOADER = "$(TEST_HOST)";
				CODE_SIGN_STYLE = Automatic;
				CURRENT_PROJECT_VERSION = 1;
				GENERATE_INFOPLIST_FILE = YES;
				IPHONEOS_DEPLOYMENT_TARGET = 18.5;
				MARKETING_VERSION = 1.0;
				PRODUCT_BUNDLE_IDENTIFIER = auburn.HappinessSliderTests;
				PRODUCT_NAME = "$(TARGET_NAME)";
				SWIFT_EMIT_LOC_STRINGS = NO;
				SWIFT_VERSION = 5.0;
				TARGETED_DEVICE_FAMILY = "1,2";
				TEST_HOST = "$(BUILT_PRODUCTS_DIR)/HappinessSlider.app/$(BUNDLE_EXECUTABLE_FOLDER_PATH)/HappinessSlider";
			};
			name = Release;
		};
		C73236322DFF8B8000577573 /* Debug */ = {
			isa = XCBuildConfiguration;
			buildSettings = {
				CODE_SIGN_STYLE = Automatic;
				CURRENT_PROJECT_VERSION = 1;
				GENERATE_INFOPLIST_FILE = YES;
				MARKETING_VERSION = 1.0;
				PRODUCT_BUNDLE_IDENTIFIER = auburn.HappinessSliderUITests;
				PRODUCT_NAME = "$(TARGET_NAME)";
				SWIFT_EMIT_LOC_STRINGS = NO;
				SWIFT_VERSION = 5.0;
				TARGETED_DEVICE_FAMILY = "1,2";
				TEST_TARGET_NAME = HappinessSlider;
			};
			name = Debug;
		};
		C73236332DFF8B8000577573 /* Release */ = {
			isa = XCBuildConfiguration;
			buildSettings = {
				CODE_SIGN_STYLE = Automatic;
				CURRENT_PROJECT_VERSION = 1;
				GENERATE_INFOPLIST_FILE = YES;
				MARKETING_VERSION = 1.0;
				PRODUCT_BUNDLE_IDENTIFIER = auburn.HappinessSliderUITests;
				PRODUCT_NAME = "$(TARGET_NAME)";
				SWIFT_EMIT_LOC_STRINGS = NO;
				SWIFT_VERSION = 5.0;
				TARGETED_DEVICE_FAMILY = "1,2";
				TEST_TARGET_NAME = HappinessSlider;
			};
			name = Release;
		};
/* End XCBuildConfiguration section */

/* Begin XCConfigurationList section */
		C73235FB2DFF8B7E00577573 /* Build configuration list for PBXProject "HappinessSlider" */ = {
			isa = XCConfigurationList;
			buildConfigurations = (
				C732362C2DFF8B8000577573 /* Debug */,
				C732362D2DFF8B8000577573 /* Release */,
			);
			defaultConfigurationIsVisible = 0;
			defaultConfigurationName = Release;
		};
		C73236292DFF8B8000577573 /* Build configuration list for PBXNativeTarget "HappinessSlider" */ = {
			isa = XCConfigurationList;
			buildConfigurations = (
				C732362A2DFF8B8000577573 /* Debug */,
				C732362B2DFF8B8000577573 /* Release */,
			);
			defaultConfigurationIsVisible = 0;
			defaultConfigurationName = Release;
		};
		C732362E2DFF8B8000577573 /* Build configuration list for PBXNativeTarget "HappinessSliderTests" */ = {
			isa = XCConfigurationList;
			buildConfigurations = (
				C732362F2DFF8B8000577573 /* Debug */,
				C73236302DFF8B8000577573 /* Release */,
			);
			defaultConfigurationIsVisible = 0;
			defaultConfigurationName = Release;
		};
		C73236312DFF8B8000577573 /* Build configuration list for PBXNativeTarget "HappinessSliderUITests" */ = {
			isa = XCConfigurationList;
			buildConfigurations = (
				C73236322DFF8B8000577573 /* Debug */,
				C73236332DFF8B8000577573 /* Release */,
			);
			defaultConfigurationIsVisible = 0;
			defaultConfigurationName = Release;
		};
/* End XCConfigurationList section */
	};
	rootObject = C73235F82DFF8B7E00577573 /* Project object */;
}
